// !$*UTF8*$!
{
	archiveVersion = 1;
	classes = {
	};
	objectVersion = 55;
	objects = {

/* Begin PBXBuildFile section */
		2DB8FA1828AD40F900DF01CC /* AppDelegate.swift in Sources */ = {isa = PBXBuildFile; fileRef = 2DB8FA1728AD40F900DF01CC /* AppDelegate.swift */; };
		2DB8FA1C28AD40F900DF01CC /* ViewController.swift in Sources */ = {isa = PBXBuildFile; fileRef = 2DB8FA1B28AD40F900DF01CC /* ViewController.swift */; };
		2DB8FA2128AD40FA00DF01CC /* Assets.xcassets in Resources */ = {isa = PBXBuildFile; fileRef = 2DB8FA2028AD40FA00DF01CC /* Assets.xcassets */; };
		2DB8FA2428AD40FA00DF01CC /* LaunchScreen.storyboard in Resources */ = {isa = PBXBuildFile; fileRef = 2DB8FA2228AD40FA00DF01CC /* LaunchScreen.storyboard */; };
		CA002AAB2C6843B700B26949 /* EmptyStateView.swift in Sources */ = {isa = PBXBuildFile; fileRef = CA002AAA2C6843B700B26949 /* EmptyStateView.swift */; };
		CA002AAD2C6846C300B26949 /* Note.swift in Sources */ = {isa = PBXBuildFile; fileRef = CA002AAC2C6846C300B26949 /* Note.swift */; };
		CA5F259B2C66C5EC000DE626 /* Coordinator.swift in Sources */ = {isa = PBXBuildFile; fileRef = CA5F259A2C66C5EC000DE626 /* Coordinator.swift */; };
		CA5F259D2C66C600000DE626 /* MainCoordinator.swift in Sources */ = {isa = PBXBuildFile; fileRef = CA5F259C2C66C600000DE626 /* MainCoordinator.swift */; };
		CA5F25A02C66C6FB000DE626 /* SheetViewController.swift in Sources */ = {isa = PBXBuildFile; fileRef = CA5F259E2C66C6FB000DE626 /* SheetViewController.swift */; };
		CA5F25A12C66C6FB000DE626 /* SheetViewController.xib in Resources */ = {isa = PBXBuildFile; fileRef = CA5F259F2C66C6FB000DE626 /* SheetViewController.xib */; };
		CA5F25A62C66CB92000DE626 /* Bird.swift in Sources */ = {isa = PBXBuildFile; fileRef = CA5F25A52C66CB92000DE626 /* Bird.swift */; };
		CA5F25A82C66CBC2000DE626 /* BirdRepository.swift in Sources */ = {isa = PBXBuildFile; fileRef = CA5F25A72C66CBC2000DE626 /* BirdRepository.swift */; };
		CA5F25AB2C66CBEE000DE626 /* FetchBirdsUseCase.swift in Sources */ = {isa = PBXBuildFile; fileRef = CA5F25AA2C66CBEE000DE626 /* FetchBirdsUseCase.swift */; };
		CA5F25AD2C66CC1C000DE626 /* FirebaseBirdRepository.swift in Sources */ = {isa = PBXBuildFile; fileRef = CA5F25AC2C66CC1C000DE626 /* FirebaseBirdRepository.swift */; };
		CA5F25B02C66CC70000DE626 /* BirdsViewModel.swift in Sources */ = {isa = PBXBuildFile; fileRef = CA5F25AF2C66CC70000DE626 /* BirdsViewModel.swift */; };
		CA5F25B32C66CC9D000DE626 /* BirdCell.swift in Sources */ = {isa = PBXBuildFile; fileRef = CA5F25B22C66CC9D000DE626 /* BirdCell.swift */; };
		CA5F25B62C66CDA9000DE626 /* SDWebImage in Frameworks */ = {isa = PBXBuildFile; productRef = CA5F25B52C66CDA9000DE626 /* SDWebImage */; };
		CA5F25B92C66CE1E000DE626 /* FirebaseFirestore in Frameworks */ = {isa = PBXBuildFile; productRef = CA5F25B82C66CE1E000DE626 /* FirebaseFirestore */; };
		CA5F25BD2C66D63E000DE626 /* GoogleService-Info.plist in Resources */ = {isa = PBXBuildFile; fileRef = CA5F25BC2C66D63E000DE626 /* GoogleService-Info.plist */; };
		CA5F25BF2C66D6D6000DE626 /* FirebaseAuth in Frameworks */ = {isa = PBXBuildFile; productRef = CA5F25BE2C66D6D6000DE626 /* FirebaseAuth */; };
		CA5F25C32C680B86000DE626 /* BirdDetailViewController.swift in Sources */ = {isa = PBXBuildFile; fileRef = CA5F25C22C680B86000DE626 /* BirdDetailViewController.swift */; };
		CA5F25D22C681B09000DE626 /* MainCoordinatorTests.swift in Sources */ = {isa = PBXBuildFile; fileRef = CA5F25D12C681B09000DE626 /* MainCoordinatorTests.swift */; };
		CA5F25D42C681EBE000DE626 /* BirdsViewModelTest.swift in Sources */ = {isa = PBXBuildFile; fileRef = CA5F25D32C681EBE000DE626 /* BirdsViewModelTest.swift */; };
		CAC5C4102C65B174005C0902 /* MainViewController.swift in Sources */ = {isa = PBXBuildFile; fileRef = CAC5C40E2C65B173005C0902 /* MainViewController.swift */; };
/* End PBXBuildFile section */

/* Begin PBXContainerItemProxy section */
		CA5F25CC2C681AE5000DE626 /* PBXContainerItemProxy */ = {
			isa = PBXContainerItemProxy;
			containerPortal = 2DB8FA0C28AD40F900DF01CC /* Project object */;
			proxyType = 1;
			remoteGlobalIDString = 2DB8FA1328AD40F900DF01CC;
			remoteInfo = TakeHome;
		};
/* End PBXContainerItemProxy section */

/* Begin PBXFileReference section */
		2DB8FA1428AD40F900DF01CC /* TakeHome.app */ = {isa = PBXFileReference; explicitFileType = wrapper.application; includeInIndex = 0; path = TakeHome.app; sourceTree = BUILT_PRODUCTS_DIR; };
		2DB8FA1728AD40F900DF01CC /* AppDelegate.swift */ = {isa = PBXFileReference; lastKnownFileType = sourcecode.swift; path = AppDelegate.swift; sourceTree = "<group>"; };
		2DB8FA1B28AD40F900DF01CC /* ViewController.swift */ = {isa = PBXFileReference; lastKnownFileType = sourcecode.swift; path = ViewController.swift; sourceTree = "<group>"; };
		2DB8FA2028AD40FA00DF01CC /* Assets.xcassets */ = {isa = PBXFileReference; lastKnownFileType = folder.assetcatalog; path = Assets.xcassets; sourceTree = "<group>"; };
		2DB8FA2328AD40FA00DF01CC /* Base */ = {isa = PBXFileReference; lastKnownFileType = file.storyboard; name = Base; path = Base.lproj/LaunchScreen.storyboard; sourceTree = "<group>"; };
		2DB8FA2528AD40FA00DF01CC /* Info.plist */ = {isa = PBXFileReference; lastKnownFileType = text.plist.xml; path = Info.plist; sourceTree = "<group>"; };
		CA002AAA2C6843B700B26949 /* EmptyStateView.swift */ = {isa = PBXFileReference; lastKnownFileType = sourcecode.swift; path = EmptyStateView.swift; sourceTree = "<group>"; };
		CA002AAC2C6846C300B26949 /* Note.swift */ = {isa = PBXFileReference; lastKnownFileType = sourcecode.swift; path = Note.swift; sourceTree = "<group>"; };
		CA5F259A2C66C5EC000DE626 /* Coordinator.swift */ = {isa = PBXFileReference; lastKnownFileType = sourcecode.swift; path = Coordinator.swift; sourceTree = "<group>"; };
		CA5F259C2C66C600000DE626 /* MainCoordinator.swift */ = {isa = PBXFileReference; lastKnownFileType = sourcecode.swift; path = MainCoordinator.swift; sourceTree = "<group>"; };
		CA5F259E2C66C6FB000DE626 /* SheetViewController.swift */ = {isa = PBXFileReference; lastKnownFileType = sourcecode.swift; path = SheetViewController.swift; sourceTree = "<group>"; };
		CA5F259F2C66C6FB000DE626 /* SheetViewController.xib */ = {isa = PBXFileReference; lastKnownFileType = file.xib; path = SheetViewController.xib; sourceTree = "<group>"; };
		CA5F25A52C66CB92000DE626 /* Bird.swift */ = {isa = PBXFileReference; lastKnownFileType = sourcecode.swift; path = Bird.swift; sourceTree = "<group>"; };
		CA5F25A72C66CBC2000DE626 /* BirdRepository.swift */ = {isa = PBXFileReference; lastKnownFileType = sourcecode.swift; path = BirdRepository.swift; sourceTree = "<group>"; };
		CA5F25AA2C66CBEE000DE626 /* FetchBirdsUseCase.swift */ = {isa = PBXFileReference; lastKnownFileType = sourcecode.swift; path = FetchBirdsUseCase.swift; sourceTree = "<group>"; };
		CA5F25AC2C66CC1C000DE626 /* FirebaseBirdRepository.swift */ = {isa = PBXFileReference; lastKnownFileType = sourcecode.swift; path = FirebaseBirdRepository.swift; sourceTree = "<group>"; };
		CA5F25AF2C66CC70000DE626 /* BirdsViewModel.swift */ = {isa = PBXFileReference; lastKnownFileType = sourcecode.swift; path = BirdsViewModel.swift; sourceTree = "<group>"; };
		CA5F25B22C66CC9D000DE626 /* BirdCell.swift */ = {isa = PBXFileReference; lastKnownFileType = sourcecode.swift; path = BirdCell.swift; sourceTree = "<group>"; };
		CA5F25BC2C66D63E000DE626 /* GoogleService-Info.plist */ = {isa = PBXFileReference; fileEncoding = 4; lastKnownFileType = text.plist.xml; path = "GoogleService-Info.plist"; sourceTree = "<group>"; };
		CA5F25C22C680B86000DE626 /* BirdDetailViewController.swift */ = {isa = PBXFileReference; lastKnownFileType = sourcecode.swift; path = BirdDetailViewController.swift; sourceTree = "<group>"; };
		CA5F25C82C681AE5000DE626 /* TakeHomeTests.xctest */ = {isa = PBXFileReference; explicitFileType = wrapper.cfbundle; includeInIndex = 0; path = TakeHomeTests.xctest; sourceTree = BUILT_PRODUCTS_DIR; };
		CA5F25D12C681B09000DE626 /* MainCoordinatorTests.swift */ = {isa = PBXFileReference; lastKnownFileType = sourcecode.swift; path = MainCoordinatorTests.swift; sourceTree = "<group>"; };
		CA5F25D32C681EBE000DE626 /* BirdsViewModelTest.swift */ = {isa = PBXFileReference; lastKnownFileType = sourcecode.swift; path = BirdsViewModelTest.swift; sourceTree = "<group>"; };
		CAC5C40E2C65B173005C0902 /* MainViewController.swift */ = {isa = PBXFileReference; lastKnownFileType = sourcecode.swift; path = MainViewController.swift; sourceTree = "<group>"; };
/* End PBXFileReference section */

/* Begin PBXFrameworksBuildPhase section */
		2DB8FA1128AD40F900DF01CC /* Frameworks */ = {
			isa = PBXFrameworksBuildPhase;
			buildActionMask = 2147483647;
			files = (
				CA5F25B62C66CDA9000DE626 /* SDWebImage in Frameworks */,
				CA5F25B92C66CE1E000DE626 /* FirebaseFirestore in Frameworks */,
				CA5F25BF2C66D6D6000DE626 /* FirebaseAuth in Frameworks */,
			);
			runOnlyForDeploymentPostprocessing = 0;
		};
		CA5F25C52C681AE5000DE626 /* Frameworks */ = {
			isa = PBXFrameworksBuildPhase;
			buildActionMask = 2147483647;
			files = (
			);
			runOnlyForDeploymentPostprocessing = 0;
		};
/* End PBXFrameworksBuildPhase section */

/* Begin PBXGroup section */
		2DB8FA0B28AD40F900DF01CC = {
			isa = PBXGroup;
			children = (
				2DB8FA1628AD40F900DF01CC /* TakeHome */,
				CA5F25C92C681AE5000DE626 /* TakeHomeTests */,
				2DB8FA1528AD40F900DF01CC /* Products */,
				CA5F25B72C66CE0B000DE626 /* Frameworks */,
			);
			sourceTree = "<group>";
		};
		2DB8FA1528AD40F900DF01CC /* Products */ = {
			isa = PBXGroup;
			children = (
				2DB8FA1428AD40F900DF01CC /* TakeHome.app */,
				CA5F25C82C681AE5000DE626 /* TakeHomeTests.xctest */,
			);
			name = Products;
			sourceTree = "<group>";
		};
		2DB8FA1628AD40F900DF01CC /* TakeHome */ = {
			isa = PBXGroup;
			children = (
				CA5F25BC2C66D63E000DE626 /* GoogleService-Info.plist */,
				CA5F25A42C66CB4B000DE626 /* Model */,
				CA5F25A22C66CB30000DE626 /* Birds */,
				CA5F25992C66C5DC000DE626 /* Coordinator */,
				2DB8FA1728AD40F900DF01CC /* AppDelegate.swift */,
				2DB8FA1B28AD40F900DF01CC /* ViewController.swift */,
				2DB8FA2028AD40FA00DF01CC /* Assets.xcassets */,
				2DB8FA2228AD40FA00DF01CC /* LaunchScreen.storyboard */,
				2DB8FA2528AD40FA00DF01CC /* Info.plist */,
				CA5F259E2C66C6FB000DE626 /* SheetViewController.swift */,
				CA5F259F2C66C6FB000DE626 /* SheetViewController.xib */,
			);
			path = TakeHome;
			sourceTree = "<group>";
		};
		CA002AA92C6843A700B26949 /* Empty */ = {
			isa = PBXGroup;
			children = (
				CA002AAA2C6843B700B26949 /* EmptyStateView.swift */,
			);
			path = Empty;
			sourceTree = "<group>";
		};
		CA5F25992C66C5DC000DE626 /* Coordinator */ = {
			isa = PBXGroup;
			children = (
				CA5F259A2C66C5EC000DE626 /* Coordinator.swift */,
				CA5F259C2C66C600000DE626 /* MainCoordinator.swift */,
			);
			path = Coordinator;
			sourceTree = "<group>";
		};
		CA5F25A22C66CB30000DE626 /* Birds */ = {
			isa = PBXGroup;
			children = (
				CA5F25B12C66CC96000DE626 /* View */,
				CA5F25AE2C66CC60000DE626 /* ViewModel */,
				CA5F25A92C66CBD9000DE626 /* UseCase */,
				CA5F25A32C66CB43000DE626 /* Repository */,
			);
			path = Birds;
			sourceTree = "<group>";
		};
		CA5F25A32C66CB43000DE626 /* Repository */ = {
			isa = PBXGroup;
			children = (
				CA5F25A72C66CBC2000DE626 /* BirdRepository.swift */,
				CA5F25AC2C66CC1C000DE626 /* FirebaseBirdRepository.swift */,
			);
			path = Repository;
			sourceTree = "<group>";
		};
		CA5F25A42C66CB4B000DE626 /* Model */ = {
			isa = PBXGroup;
			children = (
				CA5F25A52C66CB92000DE626 /* Bird.swift */,
				CA002AAC2C6846C300B26949 /* Note.swift */,
			);
			path = Model;
			sourceTree = "<group>";
		};
		CA5F25A92C66CBD9000DE626 /* UseCase */ = {
			isa = PBXGroup;
			children = (
				CA5F25AA2C66CBEE000DE626 /* FetchBirdsUseCase.swift */,
			);
			path = UseCase;
			sourceTree = "<group>";
		};
		CA5F25AE2C66CC60000DE626 /* ViewModel */ = {
			isa = PBXGroup;
			children = (
				CA5F25AF2C66CC70000DE626 /* BirdsViewModel.swift */,
			);
			path = ViewModel;
			sourceTree = "<group>";
		};
		CA5F25B12C66CC96000DE626 /* View */ = {
			isa = PBXGroup;
			children = (
				CA002AA92C6843A700B26949 /* Empty */,
				CA5F25C12C680B72000DE626 /* List */,
				CA5F25C02C680B53000DE626 /* Detail */,
			);
			path = View;
			sourceTree = "<group>";
		};
		CA5F25B72C66CE0B000DE626 /* Frameworks */ = {
			isa = PBXGroup;
			children = (
			);
			name = Frameworks;
			sourceTree = "<group>";
		};
		CA5F25C02C680B53000DE626 /* Detail */ = {
			isa = PBXGroup;
			children = (
				CA5F25C22C680B86000DE626 /* BirdDetailViewController.swift */,
			);
			path = Detail;
			sourceTree = "<group>";
		};
		CA5F25C12C680B72000DE626 /* List */ = {
			isa = PBXGroup;
			children = (
				CAC5C40E2C65B173005C0902 /* MainViewController.swift */,
				CA5F25B22C66CC9D000DE626 /* BirdCell.swift */,
			);
			path = List;
			sourceTree = "<group>";
		};
		CA5F25C92C681AE5000DE626 /* TakeHomeTests */ = {
			isa = PBXGroup;
			children = (
				CA5F25D12C681B09000DE626 /* MainCoordinatorTests.swift */,
				CA5F25D32C681EBE000DE626 /* BirdsViewModelTest.swift */,
			);
			path = TakeHomeTests;
			sourceTree = "<group>";
		};
/* End PBXGroup section */

/* Begin PBXNativeTarget section */
		2DB8FA1328AD40F900DF01CC /* TakeHome */ = {
			isa = PBXNativeTarget;
			buildConfigurationList = 2DB8FA2828AD40FA00DF01CC /* Build configuration list for PBXNativeTarget "TakeHome" */;
			buildPhases = (
				2DB8FA1028AD40F900DF01CC /* Sources */,
				2DB8FA1128AD40F900DF01CC /* Frameworks */,
				2DB8FA1228AD40F900DF01CC /* Resources */,
			);
			buildRules = (
			);
			dependencies = (
			);
			name = TakeHome;
			packageProductDependencies = (
				CA5F25B52C66CDA9000DE626 /* SDWebImage */,
				CA5F25B82C66CE1E000DE626 /* FirebaseFirestore */,
				CA5F25BE2C66D6D6000DE626 /* FirebaseAuth */,
			);
			productName = TakeHome;
			productReference = 2DB8FA1428AD40F900DF01CC /* TakeHome.app */;
			productType = "com.apple.product-type.application";
		};
		CA5F25C72C681AE5000DE626 /* TakeHomeTests */ = {
			isa = PBXNativeTarget;
			buildConfigurationList = CA5F25CE2C681AE5000DE626 /* Build configuration list for PBXNativeTarget "TakeHomeTests" */;
			buildPhases = (
				CA5F25C42C681AE5000DE626 /* Sources */,
				CA5F25C52C681AE5000DE626 /* Frameworks */,
				CA5F25C62C681AE5000DE626 /* Resources */,
			);
			buildRules = (
			);
			dependencies = (
				CA5F25CD2C681AE5000DE626 /* PBXTargetDependency */,
			);
			name = TakeHomeTests;
			productName = TakeHomeTests;
			productReference = CA5F25C82C681AE5000DE626 /* TakeHomeTests.xctest */;
			productType = "com.apple.product-type.bundle.unit-test";
		};
/* End PBXNativeTarget section */

/* Begin PBXProject section */
		2DB8FA0C28AD40F900DF01CC /* Project object */ = {
			isa = PBXProject;
			attributes = {
				BuildIndependentTargetsInParallel = 1;
				LastSwiftUpdateCheck = 1540;
				LastUpgradeCheck = 1340;
				TargetAttributes = {
					2DB8FA1328AD40F900DF01CC = {
						CreatedOnToolsVersion = 13.4.1;
					};
					CA5F25C72C681AE5000DE626 = {
						CreatedOnToolsVersion = 15.4;
						TestTargetID = 2DB8FA1328AD40F900DF01CC;
					};
				};
			};
			buildConfigurationList = 2DB8FA0F28AD40F900DF01CC /* Build configuration list for PBXProject "TakeHome" */;
			compatibilityVersion = "Xcode 13.0";
			developmentRegion = en;
			hasScannedForEncodings = 0;
			knownRegions = (
				en,
				Base,
			);
			mainGroup = 2DB8FA0B28AD40F900DF01CC;
			packageReferences = (
				CAC5C4122C65B4C6005C0902 /* XCRemoteSwiftPackageReference "firebase-ios-sdk" */,
				CA5F25B42C66CDA9000DE626 /* XCRemoteSwiftPackageReference "SDWebImage" */,
			);
			productRefGroup = 2DB8FA1528AD40F900DF01CC /* Products */;
			projectDirPath = "";
			projectRoot = "";
			targets = (
				2DB8FA1328AD40F900DF01CC /* TakeHome */,
				CA5F25C72C681AE5000DE626 /* TakeHomeTests */,
			);
		};
/* End PBXProject section */

/* Begin PBXResourcesBuildPhase section */
		2DB8FA1228AD40F900DF01CC /* Resources */ = {
			isa = PBXResourcesBuildPhase;
			buildActionMask = 2147483647;
			files = (
				2DB8FA2428AD40FA00DF01CC /* LaunchScreen.storyboard in Resources */,
				CA5F25BD2C66D63E000DE626 /* GoogleService-Info.plist in Resources */,
				CA5F25A12C66C6FB000DE626 /* SheetViewController.xib in Resources */,
				2DB8FA2128AD40FA00DF01CC /* Assets.xcassets in Resources */,
			);
			runOnlyForDeploymentPostprocessing = 0;
		};
		CA5F25C62C681AE5000DE626 /* Resources */ = {
			isa = PBXResourcesBuildPhase;
			buildActionMask = 2147483647;
			files = (
			);
			runOnlyForDeploymentPostprocessing = 0;
		};
/* End PBXResourcesBuildPhase section */

/* Begin PBXSourcesBuildPhase section */
		2DB8FA1028AD40F900DF01CC /* Sources */ = {
			isa = PBXSourcesBuildPhase;
			buildActionMask = 2147483647;
			files = (
				CA5F25C32C680B86000DE626 /* BirdDetailViewController.swift in Sources */,
				CA5F25A82C66CBC2000DE626 /* BirdRepository.swift in Sources */,
				CA5F25A02C66C6FB000DE626 /* SheetViewController.swift in Sources */,
				CA5F25A62C66CB92000DE626 /* Bird.swift in Sources */,
				CA5F25AD2C66CC1C000DE626 /* FirebaseBirdRepository.swift in Sources */,
				CA002AAD2C6846C300B26949 /* Note.swift in Sources */,
				CA5F259B2C66C5EC000DE626 /* Coordinator.swift in Sources */,
				CA002AAB2C6843B700B26949 /* EmptyStateView.swift in Sources */,
				CA5F25B02C66CC70000DE626 /* BirdsViewModel.swift in Sources */,
				CAC5C4102C65B174005C0902 /* MainViewController.swift in Sources */,
				2DB8FA1C28AD40F900DF01CC /* ViewController.swift in Sources */,
				CA5F25AB2C66CBEE000DE626 /* FetchBirdsUseCase.swift in Sources */,
				CA5F259D2C66C600000DE626 /* MainCoordinator.swift in Sources */,
				CA5F25B32C66CC9D000DE626 /* BirdCell.swift in Sources */,
				2DB8FA1828AD40F900DF01CC /* AppDelegate.swift in Sources */,
			);
			runOnlyForDeploymentPostprocessing = 0;
		};
		CA5F25C42C681AE5000DE626 /* Sources */ = {
			isa = PBXSourcesBuildPhase;
			buildActionMask = 2147483647;
			files = (
				CA5F25D22C681B09000DE626 /* MainCoordinatorTests.swift in Sources */,
				CA5F25D42C681EBE000DE626 /* BirdsViewModelTest.swift in Sources */,
			);
			runOnlyForDeploymentPostprocessing = 0;
		};
/* End PBXSourcesBuildPhase section */

/* Begin PBXTargetDependency section */
		CA5F25CD2C681AE5000DE626 /* PBXTargetDependency */ = {
			isa = PBXTargetDependency;
			target = 2DB8FA1328AD40F900DF01CC /* TakeHome */;
			targetProxy = CA5F25CC2C681AE5000DE626 /* PBXContainerItemProxy */;
		};
/* End PBXTargetDependency section */

/* Begin PBXVariantGroup section */
		2DB8FA2228AD40FA00DF01CC /* LaunchScreen.storyboard */ = {
			isa = PBXVariantGroup;
			children = (
				2DB8FA2328AD40FA00DF01CC /* Base */,
			);
			name = LaunchScreen.storyboard;
			sourceTree = "<group>";
		};
/* End PBXVariantGroup section */

/* Begin XCBuildConfiguration section */
		2DB8FA2628AD40FA00DF01CC /* Debug */ = {
			isa = XCBuildConfiguration;
			buildSettings = {
				ALWAYS_SEARCH_USER_PATHS = NO;
				CLANG_ANALYZER_NONNULL = YES;
				CLANG_ANALYZER_NUMBER_OBJECT_CONVERSION = YES_AGGRESSIVE;
				CLANG_CXX_LANGUAGE_STANDARD = "gnu++20";
				CLANG_ENABLE_MODULES = YES;
				CLANG_ENABLE_OBJC_ARC = YES;
				CLANG_ENABLE_OBJC_WEAK = YES;
				CLANG_WARN_BLOCK_CAPTURE_AUTORELEASING = YES;
				CLANG_WARN_BOOL_CONVERSION = YES;
				CLANG_WARN_COMMA = YES;
				CLANG_WARN_CONSTANT_CONVERSION = YES;
				CLANG_WARN_DEPRECATED_OBJC_IMPLEMENTATIONS = YES;
				CLANG_WARN_DIRECT_OBJC_ISA_USAGE = YES_ERROR;
				CLANG_WARN_DOCUMENTATION_COMMENTS = YES;
				CLANG_WARN_EMPTY_BODY = YES;
				CLANG_WARN_ENUM_CONVERSION = YES;
				CLANG_WARN_INFINITE_RECURSION = YES;
				CLANG_WARN_INT_CONVERSION = YES;
				CLANG_WARN_NON_LITERAL_NULL_CONVERSION = YES;
				CLANG_WARN_OBJC_IMPLICIT_RETAIN_SELF = YES;
				CLANG_WARN_OBJC_LITERAL_CONVERSION = YES;
				CLANG_WARN_OBJC_ROOT_CLASS = YES_ERROR;
				CLANG_WARN_QUOTED_INCLUDE_IN_FRAMEWORK_HEADER = YES;
				CLANG_WARN_RANGE_LOOP_ANALYSIS = YES;
				CLANG_WARN_STRICT_PROTOTYPES = YES;
				CLANG_WARN_SUSPICIOUS_MOVE = YES;
				CLANG_WARN_UNGUARDED_AVAILABILITY = YES_AGGRESSIVE;
				CLANG_WARN_UNREACHABLE_CODE = YES;
				CLANG_WARN__DUPLICATE_METHOD_MATCH = YES;
				CODE_SIGN_IDENTITY = "-";
				CODE_SIGN_STYLE = Manual;
				COPY_PHASE_STRIP = NO;
				CURRENT_PROJECT_VERSION = 1;
				DEBUG_INFORMATION_FORMAT = dwarf;
				ENABLE_STRICT_OBJC_MSGSEND = YES;
				ENABLE_TESTABILITY = YES;
				GCC_C_LANGUAGE_STANDARD = gnu11;
				GCC_DYNAMIC_NO_PIC = NO;
				GCC_NO_COMMON_BLOCKS = YES;
				GCC_OPTIMIZATION_LEVEL = 0;
				GCC_PREPROCESSOR_DEFINITIONS = (
					"DEBUG=1",
					"$(inherited)",
				);
				GCC_WARN_64_TO_32_BIT_CONVERSION = YES;
				GCC_WARN_ABOUT_RETURN_TYPE = YES_ERROR;
				GCC_WARN_UNDECLARED_SELECTOR = YES;
				GCC_WARN_UNINITIALIZED_AUTOS = YES_AGGRESSIVE;
				GCC_WARN_UNUSED_FUNCTION = YES;
				GCC_WARN_UNUSED_VARIABLE = YES;
				MARKETING_VERSION = 1.0;
				ONLY_ACTIVE_ARCH = YES;
				SWIFT_ACTIVE_COMPILATION_CONDITIONS = DEBUG;
				SWIFT_OPTIMIZATION_LEVEL = "-Onone";
			};
			name = Debug;
		};
		2DB8FA2728AD40FA00DF01CC /* Release */ = {
			isa = XCBuildConfiguration;
			buildSettings = {
				ALWAYS_SEARCH_USER_PATHS = NO;
				CLANG_ANALYZER_NONNULL = YES;
				CLANG_ANALYZER_NUMBER_OBJECT_CONVERSION = YES_AGGRESSIVE;
				CLANG_CXX_LANGUAGE_STANDARD = "gnu++20";
				CLANG_ENABLE_MODULES = YES;
				CLANG_ENABLE_OBJC_ARC = YES;
				CLANG_ENABLE_OBJC_WEAK = YES;
				CLANG_WARN_BLOCK_CAPTURE_AUTORELEASING = YES;
				CLANG_WARN_BOOL_CONVERSION = YES;
				CLANG_WARN_COMMA = YES;
				CLANG_WARN_CONSTANT_CONVERSION = YES;
				CLANG_WARN_DEPRECATED_OBJC_IMPLEMENTATIONS = YES;
				CLANG_WARN_DIRECT_OBJC_ISA_USAGE = YES_ERROR;
				CLANG_WARN_DOCUMENTATION_COMMENTS = YES;
				CLANG_WARN_EMPTY_BODY = YES;
				CLANG_WARN_ENUM_CONVERSION = YES;
				CLANG_WARN_INFINITE_RECURSION = YES;
				CLANG_WARN_INT_CONVERSION = YES;
				CLANG_WARN_NON_LITERAL_NULL_CONVERSION = YES;
				CLANG_WARN_OBJC_IMPLICIT_RETAIN_SELF = YES;
				CLANG_WARN_OBJC_LITERAL_CONVERSION = YES;
				CLANG_WARN_OBJC_ROOT_CLASS = YES_ERROR;
				CLANG_WARN_QUOTED_INCLUDE_IN_FRAMEWORK_HEADER = YES;
				CLANG_WARN_RANGE_LOOP_ANALYSIS = YES;
				CLANG_WARN_STRICT_PROTOTYPES = YES;
				CLANG_WARN_SUSPICIOUS_MOVE = YES;
				CLANG_WARN_UNGUARDED_AVAILABILITY = YES_AGGRESSIVE;
				CLANG_WARN_UNREACHABLE_CODE = YES;
				CLANG_WARN__DUPLICATE_METHOD_MATCH = YES;
				CODE_SIGN_IDENTITY = "-";
				CODE_SIGN_STYLE = Manual;
				COPY_PHASE_STRIP = NO;
				CURRENT_PROJECT_VERSION = 1;
				DEBUG_INFORMATION_FORMAT = "dwarf-with-dsym";
				ENABLE_NS_ASSERTIONS = NO;
				ENABLE_STRICT_OBJC_MSGSEND = YES;
				GCC_C_LANGUAGE_STANDARD = gnu11;
				GCC_NO_COMMON_BLOCKS = YES;
				GCC_WARN_64_TO_32_BIT_CONVERSION = YES;
				GCC_WARN_ABOUT_RETURN_TYPE = YES_ERROR;
				GCC_WARN_UNDECLARED_SELECTOR = YES;
				GCC_WARN_UNINITIALIZED_AUTOS = YES_AGGRESSIVE;
				GCC_WARN_UNUSED_FUNCTION = YES;
				GCC_WARN_UNUSED_VARIABLE = YES;
				MARKETING_VERSION = 1.0;
				SWIFT_COMPILATION_MODE = wholemodule;
				SWIFT_OPTIMIZATION_LEVEL = "-O";
				VALIDATE_PRODUCT = YES;
			};
			name = Release;
		};
		2DB8FA2928AD40FA00DF01CC /* Debug */ = {
			isa = XCBuildConfiguration;
			buildSettings = {
				ASSETCATALOG_COMPILER_APPICON_NAME = AppIcon;
				GENERATE_INFOPLIST_FILE = YES;
				INFOPLIST_FILE = TakeHome/Info.plist;
				INFOPLIST_KEY_UILaunchStoryboardName = LaunchScreen;
				INFOPLIST_KEY_UISupportedInterfaceOrientations_iPhone = UIInterfaceOrientationPortrait;
				IPHONEOS_DEPLOYMENT_TARGET = 15.0;
				LD_RUNPATH_SEARCH_PATHS = (
					"$(inherited)",
					"@executable_path/Frameworks",
				);
				PRODUCT_BUNDLE_IDENTIFIER = com.copilot.takehome;
				PRODUCT_NAME = "$(TARGET_NAME)";
				SDKROOT = iphoneos;
				SUPPORTS_MAC_DESIGNED_FOR_IPHONE_IPAD = NO;
				SWIFT_EMIT_LOC_STRINGS = YES;
				SWIFT_VERSION = 5.0;
				TARGETED_DEVICE_FAMILY = 1;
			};
			name = Debug;
		};
		2DB8FA2A28AD40FA00DF01CC /* Release */ = {
			isa = XCBuildConfiguration;
			buildSettings = {
				ASSETCATALOG_COMPILER_APPICON_NAME = AppIcon;
				GENERATE_INFOPLIST_FILE = YES;
				INFOPLIST_FILE = TakeHome/Info.plist;
				INFOPLIST_KEY_UILaunchStoryboardName = LaunchScreen;
				INFOPLIST_KEY_UISupportedInterfaceOrientations_iPhone = UIInterfaceOrientationPortrait;
				IPHONEOS_DEPLOYMENT_TARGET = 15.0;
				LD_RUNPATH_SEARCH_PATHS = (
					"$(inherited)",
					"@executable_path/Frameworks",
				);
				PRODUCT_BUNDLE_IDENTIFIER = com.copilot.takehome;
				PRODUCT_NAME = "$(TARGET_NAME)";
				SDKROOT = iphoneos;
				SUPPORTS_MAC_DESIGNED_FOR_IPHONE_IPAD = NO;
				SWIFT_EMIT_LOC_STRINGS = YES;
				SWIFT_VERSION = 5.0;
				TARGETED_DEVICE_FAMILY = 1;
			};
			name = Release;
		};
		CA5F25CF2C681AE5000DE626 /* Debug */ = {
			isa = XCBuildConfiguration;
			buildSettings = {
				ASSETCATALOG_COMPILER_GENERATE_SWIFT_ASSET_SYMBOL_EXTENSIONS = YES;
				BUNDLE_LOADER = "$(TEST_HOST)";
				CODE_SIGN_STYLE = Automatic;
				CURRENT_PROJECT_VERSION = 1;
				DEVELOPMENT_TEAM = 96583FPNGW;
				ENABLE_USER_SCRIPT_SANDBOXING = YES;
				GCC_C_LANGUAGE_STANDARD = gnu17;
				GENERATE_INFOPLIST_FILE = YES;
				IPHONEOS_DEPLOYMENT_TARGET = 17.0;
				LOCALIZATION_PREFERS_STRING_CATALOGS = YES;
				MARKETING_VERSION = 1.0;
				MTL_ENABLE_DEBUG_INFO = INCLUDE_SOURCE;
				MTL_FAST_MATH = YES;
				PRODUCT_BUNDLE_IDENTIFIER = jghg02.TakeHomeTests;
				PRODUCT_NAME = "$(TARGET_NAME)";
				SDKROOT = iphoneos;
				SWIFT_ACTIVE_COMPILATION_CONDITIONS = "DEBUG $(inherited)";
				SWIFT_EMIT_LOC_STRINGS = NO;
				SWIFT_VERSION = 5.0;
				TARGETED_DEVICE_FAMILY = "1,2";
				TEST_HOST = "$(BUILT_PRODUCTS_DIR)/TakeHome.app/$(BUNDLE_EXECUTABLE_FOLDER_PATH)/TakeHome";
			};
			name = Debug;
		};
		CA5F25D02C681AE5000DE626 /* Release */ = {
			isa = XCBuildConfiguration;
			buildSettings = {
				ASSETCATALOG_COMPILER_GENERATE_SWIFT_ASSET_SYMBOL_EXTENSIONS = YES;
				BUNDLE_LOADER = "$(TEST_HOST)";
				CODE_SIGN_STYLE = Automatic;
				CURRENT_PROJECT_VERSION = 1;
				DEVELOPMENT_TEAM = 96583FPNGW;
				ENABLE_USER_SCRIPT_SANDBOXING = YES;
				GCC_C_LANGUAGE_STANDARD = gnu17;
				GENERATE_INFOPLIST_FILE = YES;
				IPHONEOS_DEPLOYMENT_TARGET = 17.0;
				LOCALIZATION_PREFERS_STRING_CATALOGS = YES;
				MARKETING_VERSION = 1.0;
				MTL_ENABLE_DEBUG_INFO = NO;
				MTL_FAST_MATH = YES;
				PRODUCT_BUNDLE_IDENTIFIER = jghg02.TakeHomeTests;
				PRODUCT_NAME = "$(TARGET_NAME)";
				SDKROOT = iphoneos;
				SWIFT_EMIT_LOC_STRINGS = NO;
				SWIFT_VERSION = 5.0;
				TARGETED_DEVICE_FAMILY = "1,2";
				TEST_HOST = "$(BUILT_PRODUCTS_DIR)/TakeHome.app/$(BUNDLE_EXECUTABLE_FOLDER_PATH)/TakeHome";
			};
			name = Release;
		};
/* End XCBuildConfiguration section */

/* Begin XCConfigurationList section */
		2DB8FA0F28AD40F900DF01CC /* Build configuration list for PBXProject "TakeHome" */ = {
			isa = XCConfigurationList;
			buildConfigurations = (
				2DB8FA2628AD40FA00DF01CC /* Debug */,
				2DB8FA2728AD40FA00DF01CC /* Release */,
			);
			defaultConfigurationIsVisible = 0;
			defaultConfigurationName = Release;
		};
		2DB8FA2828AD40FA00DF01CC /* Build configuration list for PBXNativeTarget "TakeHome" */ = {
			isa = XCConfigurationList;
			buildConfigurations = (
				2DB8FA2928AD40FA00DF01CC /* Debug */,
				2DB8FA2A28AD40FA00DF01CC /* Release */,
			);
			defaultConfigurationIsVisible = 0;
			defaultConfigurationName = Release;
		};
		CA5F25CE2C681AE5000DE626 /* Build configuration list for PBXNativeTarget "TakeHomeTests" */ = {
			isa = XCConfigurationList;
			buildConfigurations = (
				CA5F25CF2C681AE5000DE626 /* Debug */,
				CA5F25D02C681AE5000DE626 /* Release */,
			);
			defaultConfigurationIsVisible = 0;
			defaultConfigurationName = Release;
		};
/* End XCConfigurationList section */

/* Begin XCRemoteSwiftPackageReference section */
		CA5F25B42C66CDA9000DE626 /* XCRemoteSwiftPackageReference "SDWebImage" */ = {
			isa = XCRemoteSwiftPackageReference;
			repositoryURL = "https://github.com/SDWebImage/SDWebImage";
			requirement = {
				kind = upToNextMajorVersion;
				minimumVersion = 5.19.6;
			};
		};
		CAC5C4122C65B4C6005C0902 /* XCRemoteSwiftPackageReference "firebase-ios-sdk" */ = {
			isa = XCRemoteSwiftPackageReference;
			repositoryURL = "https://github.com/firebase/firebase-ios-sdk.git";
			requirement = {
				kind = upToNextMajorVersion;
				minimumVersion = 11.0.0;
			};
		};
/* End XCRemoteSwiftPackageReference section */

/* Begin XCSwiftPackageProductDependency section */
		CA5F25B52C66CDA9000DE626 /* SDWebImage */ = {
			isa = XCSwiftPackageProductDependency;
			package = CA5F25B42C66CDA9000DE626 /* XCRemoteSwiftPackageReference "SDWebImage" */;
			productName = SDWebImage;
		};
		CA5F25B82C66CE1E000DE626 /* FirebaseFirestore */ = {
			isa = XCSwiftPackageProductDependency;
			package = CAC5C4122C65B4C6005C0902 /* XCRemoteSwiftPackageReference "firebase-ios-sdk" */;
			productName = FirebaseFirestore;
		};
		CA5F25BE2C66D6D6000DE626 /* FirebaseAuth */ = {
			isa = XCSwiftPackageProductDependency;
			package = CAC5C4122C65B4C6005C0902 /* XCRemoteSwiftPackageReference "firebase-ios-sdk" */;
			productName = FirebaseAuth;
		};
/* End XCSwiftPackageProductDependency section */
	};
	rootObject = 2DB8FA0C28AD40F900DF01CC /* Project object */;
}
